// !$*UTF8*$!
{
	archiveVersion = 1;
	classes = {
	};
	objectVersion = 46;
	objects = {

/* Begin PBXBuildFile section */
		8B4C00161E8F48570069ECCD /* SwipeableTableViewCellButton.swift in Sources */ = {isa = PBXBuildFile; fileRef = 8B4C00151E8F48570069ECCD /* SwipeableTableViewCellButton.swift */; };
		8BDF96851E805A5A00C9D435 /* AppDelegate.swift in Sources */ = {isa = PBXBuildFile; fileRef = 8BDF96841E805A5A00C9D435 /* AppDelegate.swift */; };
		8BDF96871E805A5A00C9D435 /* ViewController.swift in Sources */ = {isa = PBXBuildFile; fileRef = 8BDF96861E805A5A00C9D435 /* ViewController.swift */; };
		8BDF968A1E805A5B00C9D435 /* Main.storyboard in Resources */ = {isa = PBXBuildFile; fileRef = 8BDF96881E805A5B00C9D435 /* Main.storyboard */; };
		8BDF968C1E805A5B00C9D435 /* Assets.xcassets in Resources */ = {isa = PBXBuildFile; fileRef = 8BDF968B1E805A5B00C9D435 /* Assets.xcassets */; };
		8BDF968F1E805A5B00C9D435 /* LaunchScreen.storyboard in Resources */ = {isa = PBXBuildFile; fileRef = 8BDF968D1E805A5B00C9D435 /* LaunchScreen.storyboard */; };
		8BDF96971E805F8800C9D435 /* SwipeableTableViewCell.swift in Sources */ = {isa = PBXBuildFile; fileRef = 8BDF96961E805F8800C9D435 /* SwipeableTableViewCell.swift */; };
/* End PBXBuildFile section */

/* Begin PBXFileReference section */
		8B4C00151E8F48570069ECCD /* SwipeableTableViewCellButton.swift */ = {isa = PBXFileReference; fileEncoding = 4; lastKnownFileType = sourcecode.swift; path = SwipeableTableViewCellButton.swift; sourceTree = "<group>"; };
		8BDF96811E805A5A00C9D435 /* SwipeableTableViewCell.app */ = {isa = PBXFileReference; explicitFileType = wrapper.application; includeInIndex = 0; path = SwipeableTableViewCell.app; sourceTree = BUILT_PRODUCTS_DIR; };
		8BDF96841E805A5A00C9D435 /* AppDelegate.swift */ = {isa = PBXFileReference; lastKnownFileType = sourcecode.swift; path = AppDelegate.swift; sourceTree = "<group>"; };
		8BDF96861E805A5A00C9D435 /* ViewController.swift */ = {isa = PBXFileReference; lastKnownFileType = sourcecode.swift; path = ViewController.swift; sourceTree = "<group>"; };
		8BDF96891E805A5B00C9D435 /* Base */ = {isa = PBXFileReference; lastKnownFileType = file.storyboard; name = Base; path = Base.lproj/Main.storyboard; sourceTree = "<group>"; };
		8BDF968B1E805A5B00C9D435 /* Assets.xcassets */ = {isa = PBXFileReference; lastKnownFileType = folder.assetcatalog; path = Assets.xcassets; sourceTree = "<group>"; };
		8BDF968E1E805A5B00C9D435 /* Base */ = {isa = PBXFileReference; lastKnownFileType = file.storyboard; name = Base; path = Base.lproj/LaunchScreen.storyboard; sourceTree = "<group>"; };
		8BDF96901E805A5B00C9D435 /* Info.plist */ = {isa = PBXFileReference; lastKnownFileType = text.plist.xml; path = Info.plist; sourceTree = "<group>"; };
		8BDF96961E805F8800C9D435 /* SwipeableTableViewCell.swift */ = {isa = PBXFileReference; fileEncoding = 4; lastKnownFileType = sourcecode.swift; path = SwipeableTableViewCell.swift; sourceTree = "<group>"; };
/* End PBXFileReference section */

/* Begin PBXFrameworksBuildPhase section */
		8BDF967E1E805A5400C9D435 /* Frameworks */ = {
			isa = PBXFrameworksBuildPhase;
			buildActionMask = 2147483647;
			files = (
			);
			runOnlyForDeploymentPostprocessing = 0;
		};
/* End PBXFrameworksBuildPhase section */

/* Begin PBXGroup section */
		8BDF96781E805A5400C9D435 = {
			isa = PBXGroup;
			children = (
				8BDF96831E805A5A00C9D435 /* SwipeableTableViewCell */,
				8BDF96821E805A5A00C9D435 /* Products */,
			);
			sourceTree = "<group>";
		};
		8BDF96821E805A5A00C9D435 /* Products */ = {
			isa = PBXGroup;
			children = (
				8BDF96811E805A5A00C9D435 /* SwipeableTableViewCell.app */,
			);
			name = Products;
			sourceTree = "<group>";
		};
		8BDF96831E805A5A00C9D435 /* SwipeableTableViewCell */ = {
			isa = PBXGroup;
			children = (
				8BDF96841E805A5A00C9D435 /* AppDelegate.swift */,
				8BDF96861E805A5A00C9D435 /* ViewController.swift */,
				8BDF96961E805F8800C9D435 /* SwipeableTableViewCell.swift */,
				8B4C00151E8F48570069ECCD /* SwipeableTableViewCellButton.swift */,
				8BDF96881E805A5B00C9D435 /* Main.storyboard */,
				8BDF968B1E805A5B00C9D435 /* Assets.xcassets */,
				8BDF968D1E805A5B00C9D435 /* LaunchScreen.storyboard */,
				8BDF96901E805A5B00C9D435 /* Info.plist */,
			);
			name = SwipeableTableViewCell;
			path = SwipeableTableViewCells;
			sourceTree = "<group>";
		};
/* End PBXGroup section */

/* Begin PBXNativeTarget section */
		8BDF96801E805A5400C9D435 /* SwipeableTableViewCell */ = {
			isa = PBXNativeTarget;
			buildConfigurationList = 8BDF96931E805A5B00C9D435 /* Build configuration list for PBXNativeTarget "SwipeableTableViewCell" */;
			buildPhases = (
				8BDF967D1E805A5400C9D435 /* Sources */,
				8BDF967E1E805A5400C9D435 /* Frameworks */,
				8BDF967F1E805A5400C9D435 /* Resources */,
			);
			buildRules = (
			);
			dependencies = (
			);
			name = SwipeableTableViewCell;
			productName = SwipeableTableViewCells;
			productReference = 8BDF96811E805A5A00C9D435 /* SwipeableTableViewCell.app */;
			productType = "com.apple.product-type.application";
		};
/* End PBXNativeTarget section */

/* Begin PBXProject section */
		8BDF96791E805A5400C9D435 /* Project object */ = {
			isa = PBXProject;
			attributes = {
				LastSwiftUpdateCheck = 0820;
				LastUpgradeCheck = 0820;
				ORGANIZATIONNAME = Richard;
				TargetAttributes = {
					8BDF96801E805A5400C9D435 = {
						CreatedOnToolsVersion = 8.2.1;
						DevelopmentTeam = 865G532M4D;
						ProvisioningStyle = Automatic;
					};
				};
			};
			buildConfigurationList = 8BDF967C1E805A5400C9D435 /* Build configuration list for PBXProject "SwipeableTableViewCell" */;
			compatibilityVersion = "Xcode 3.2";
			developmentRegion = English;
			hasScannedForEncodings = 0;
			knownRegions = (
				en,
				Base,
			);
			mainGroup = 8BDF96781E805A5400C9D435;
			productRefGroup = 8BDF96821E805A5A00C9D435 /* Products */;
			projectDirPath = "";
			projectRoot = "";
			targets = (
				8BDF96801E805A5400C9D435 /* SwipeableTableViewCell */,
			);
		};
/* End PBXProject section */

/* Begin PBXResourcesBuildPhase section */
		8BDF967F1E805A5400C9D435 /* Resources */ = {
			isa = PBXResourcesBuildPhase;
			buildActionMask = 2147483647;
			files = (
				8BDF968F1E805A5B00C9D435 /* LaunchScreen.storyboard in Resources */,
				8BDF968C1E805A5B00C9D435 /* Assets.xcassets in Resources */,
				8BDF968A1E805A5B00C9D435 /* Main.storyboard in Resources */,
			);
			runOnlyForDeploymentPostprocessing = 0;
		};
/* End PBXResourcesBuildPhase section */

/* Begin PBXSourcesBuildPhase section */
		8BDF967D1E805A5400C9D435 /* Sources */ = {
			isa = PBXSourcesBuildPhase;
			buildActionMask = 2147483647;
			files = (
				8B4C00161E8F48570069ECCD /* SwipeableTableViewCellButton.swift in Sources */,
				8BDF96871E805A5A00C9D435 /* ViewController.swift in Sources */,
				8BDF96971E805F8800C9D435 /* SwipeableTableViewCell.swift in Sources */,
				8BDF96851E805A5A00C9D435 /* AppDelegate.swift in Sources */,
			);
			runOnlyForDeploymentPostprocessing = 0;
		};
/* End PBXSourcesBuildPhase section */

/* Begin PBXVariantGroup section */
		8BDF96881E805A5B00C9D435 /* Main.storyboard */ = {
			isa = PBXVariantGroup;
			children = (
				8BDF96891E805A5B00C9D435 /* Base */,
			);
			name = Main.storyboard;
			sourceTree = "<group>";
		};
		8BDF968D1E805A5B00C9D435 /* LaunchScreen.storyboard */ = {
			isa = PBXVariantGroup;
			children = (
				8BDF968E1E805A5B00C9D435 /* Base */,
			);
			name = LaunchScreen.storyboard;
			sourceTree = "<group>";
		};
/* End PBXVariantGroup section */

/* Begin XCBuildConfiguration section */
		8BDF96911E805A5B00C9D435 /* Debug */ = {
			isa = XCBuildConfiguration;
			buildSettings = {
				ALWAYS_SEARCH_USER_PATHS = NO;
				CLANG_ANALYZER_NONNULL = YES;
				CLANG_CXX_LANGUAGE_STANDARD = "gnu++0x";
				CLANG_CXX_LIBRARY = "libc++";
				CLANG_ENABLE_MODULES = YES;
				CLANG_ENABLE_OBJC_ARC = YES;
				CLANG_WARN_BOOL_CONVERSION = YES;
				CLANG_WARN_CONSTANT_CONVERSION = YES;
				CLANG_WARN_DIRECT_OBJC_ISA_USAGE = YES_ERROR;
				CLANG_WARN_DOCUMENTATION_COMMENTS = YES;
				CLANG_WARN_EMPTY_BODY = YES;
				CLANG_WARN_ENUM_CONVERSION = YES;
				CLANG_WARN_INFINITE_RECURSION = YES;
				CLANG_WARN_INT_CONVERSION = YES;
				CLANG_WARN_OBJC_ROOT_CLASS = YES_ERROR;
				CLANG_WARN_SUSPICIOUS_MOVE = YES;
				CLANG_WARN_UNREACHABLE_CODE = YES;
				CLANG_WARN__DUPLICATE_METHOD_MATCH = YES;
				"CODE_SIGN_IDENTITY[sdk=iphoneos*]" = "iPhone Developer";
				COPY_PHASE_STRIP = NO;
				DEBUG_INFORMATION_FORMAT = dwarf;
				ENABLE_STRICT_OBJC_MSGSEND = YES;
				ENABLE_TESTABILITY = YES;
				GCC_C_LANGUAGE_STANDARD = gnu99;
				GCC_DYNAMIC_NO_PIC = NO;
				GCC_NO_COMMON_BLOCKS = YES;
				GCC_OPTIMIZATION_LEVEL = 0;
				GCC_PREPROCESSOR_DEFINITIONS = (
					"DEBUG=1",
					"$(inherited)",
				);
				GCC_WARN_64_TO_32_BIT_CONVERSION = YES;
				GCC_WARN_ABOUT_RETURN_TYPE = YES_ERROR;
				GCC_WARN_UNDECLARED_SELECTOR = YES;
				GCC_WARN_UNINITIALIZED_AUTOS = YES_AGGRESSIVE;
				GCC_WARN_UNUSED_FUNCTION = YES;
				GCC_WARN_UNUSED_VARIABLE = YES;
				IPHONEOS_DEPLOYMENT_TARGET = 10.2;
				MTL_ENABLE_DEBUG_INFO = YES;
				ONLY_ACTIVE_ARCH = YES;
				SDKROOT = iphoneos;
				SWIFT_ACTIVE_COMPILATION_CONDITIONS = DEBUG;
				SWIFT_OPTIMIZATION_LEVEL = "-Onone";
				TARGETED_DEVICE_FAMILY = "1,2";
			};
			name = Debug;
		};
		8BDF96921E805A5B00C9D435 /* Release */ = {
			isa = XCBuildConfiguration;
			buildSettings = {
				ALWAYS_SEARCH_USER_PATHS = NO;
				CLANG_ANALYZER_NONNULL = YES;
				CLANG_CXX_LANGUAGE_STANDARD = "gnu++0x";
				CLANG_CXX_LIBRARY = "libc++";
				CLANG_ENABLE_MODULES = YES;
				CLANG_ENABLE_OBJC_ARC = YES;
				CLANG_WARN_BOOL_CONVERSION = YES;
				CLANG_WARN_CONSTANT_CONVERSION = YES;
				CLANG_WARN_DIRECT_OBJC_ISA_USAGE = YES_ERROR;
				CLANG_WARN_DOCUMENTATION_COMMENTS = YES;
				CLANG_WARN_EMPTY_BODY = YES;
				CLANG_WARN_ENUM_CONVERSION = YES;
				CLANG_WARN_INFINITE_RECURSION = YES;
				CLANG_WARN_INT_CONVERSION = YES;
				CLANG_WARN_OBJC_ROOT_CLASS = YES_ERROR;
				CLANG_WARN_SUSPICIOUS_MOVE = YES;
				CLANG_WARN_UNREACHABLE_CODE = YES;
				CLANG_WARN__DUPLICATE_METHOD_MATCH = YES;
				"CODE_SIGN_IDENTITY[sdk=iphoneos*]" = "iPhone Developer";
				COPY_PHASE_STRIP = NO;
				DEBUG_INFORMATION_FORMAT = "dwarf-with-dsym";
				ENABLE_NS_ASSERTIONS = NO;
				ENABLE_STRICT_OBJC_MSGSEND = YES;
				GCC_C_LANGUAGE_STANDARD = gnu99;
				GCC_NO_COMMON_BLOCKS = YES;
				GCC_WARN_64_TO_32_BIT_CONVERSION = YES;
				GCC_WARN_ABOUT_RETURN_TYPE = YES_ERROR;
				GCC_WARN_UNDECLARED_SELECTOR = YES;
				GCC_WARN_UNINITIALIZED_AUTOS = YES_AGGRESSIVE;
				GCC_WARN_UNUSED_FUNCTION = YES;
				GCC_WARN_UNUSED_VARIABLE = YES;
				IPHONEOS_DEPLOYMENT_TARGET = 10.2;
				MTL_ENABLE_DEBUG_INFO = NO;
				SDKROOT = iphoneos;
				SWIFT_OPTIMIZATION_LEVEL = "-Owholemodule";
				TARGETED_DEVICE_FAMILY = "1,2";
				VALIDATE_PRODUCT = YES;
			};
			name = Release;
		};
		8BDF96941E805A5B00C9D435 /* Debug */ = {
			isa = XCBuildConfiguration;
			buildSettings = {
				ASSETCATALOG_COMPILER_APPICON_NAME = AppIcon;
				DEVELOPMENT_TEAM = 865G532M4D;
				INFOPLIST_FILE = SwipeableTableViewCells/Info.plist;
				LD_RUNPATH_SEARCH_PATHS = "$(inherited) @executable_path/Frameworks";
				PRODUCT_BUNDLE_IDENTIFIER = com.richardash.SwipeableTableViewCell;
				PRODUCT_NAME = "$(TARGET_NAME)";
				SWIFT_VERSION = 3.0;
			};
			name = Debug;
		};
		8BDF96951E805A5B00C9D435 /* Release */ = {
			isa = XCBuildConfiguration;
			buildSettings = {
				ASSETCATALOG_COMPILER_APPICON_NAME = AppIcon;
				DEVELOPMENT_TEAM = 865G532M4D;
				INFOPLIST_FILE = SwipeableTableViewCells/Info.plist;
				LD_RUNPATH_SEARCH_PATHS = "$(inherited) @executable_path/Frameworks";
				PRODUCT_BUNDLE_IDENTIFIER = com.richardash.SwipeableTableViewCell;
				PRODUCT_NAME = "$(TARGET_NAME)";
				SWIFT_VERSION = 3.0;
			};
			name = Release;
		};
/* End XCBuildConfiguration section */

/* Begin XCConfigurationList section */
		8BDF967C1E805A5400C9D435 /* Build configuration list for PBXProject "SwipeableTableViewCell" */ = {
			isa = XCConfigurationList;
			buildConfigurations = (
				8BDF96911E805A5B00C9D435 /* Debug */,
				8BDF96921E805A5B00C9D435 /* Release */,
			);
			defaultConfigurationIsVisible = 0;
			defaultConfigurationName = Release;
		};
		8BDF96931E805A5B00C9D435 /* Build configuration list for PBXNativeTarget "SwipeableTableViewCell" */ = {
			isa = XCConfigurationList;
			buildConfigurations = (
				8BDF96941E805A5B00C9D435 /* Debug */,
				8BDF96951E805A5B00C9D435 /* Release */,
			);
			defaultConfigurationIsVisible = 0;
			defaultConfigurationName = Release;
		};
/* End XCConfigurationList section */
	};
	rootObject = 8BDF96791E805A5400C9D435 /* Project object */;
}
